
Microsoft Visual Studio Solution File, Format Version 12.00
# Visual Studio 2012
Project("{FAE04EC0-301F-11D3-BF4B-00C04F79EFBC}") = "InvenietisPortal", "InvenietisPortal\InvenietisPortal.csproj", "{4116ED1D-A237-4ACB-8C4F-FE34D52F021C}"
EndProject
Project("{2150E333-8FDC-42A3-9474-1A3956D46DE8}") = ".nuget", ".nuget", "{8553404A-7085-4A31-83FD-555A389913A2}"
	ProjectSection(SolutionItems) = preProject
		.nuget\NuGet.Config = .nuget\NuGet.Config
		.nuget\NuGet.exe = .nuget\NuGet.exe
		.nuget\NuGet.targets = .nuget\NuGet.targets
	EndProjectSection
EndProject
Project("{FAE04EC0-301F-11D3-BF4B-00C04F79EFBC}") = "Invenietis.Blog", "Invenietis.Blog\Invenietis.Blog.csproj", "{F25E8A01-980D-4521-AB8D-8C5FBA555F02}"
EndProject
Project("{FAE04EC0-301F-11D3-BF4B-00C04F79EFBC}") = "Tests", "Tests\Tests.csproj", "{14609A2E-E1A1-4606-BB6C-C1CB097D21B0}"
EndProject
Global
	GlobalSection(SolutionConfigurationPlatforms) = preSolution
		Debug|Any CPU = Debug|Any CPU
		Release|Any CPU = Release|Any CPU
	EndGlobalSection
	GlobalSection(ProjectConfigurationPlatforms) = postSolution
		{4116ED1D-A237-4ACB-8C4F-FE34D52F021C}.Debug|Any CPU.ActiveCfg = Debug|Any CPU
		{4116ED1D-A237-4ACB-8C4F-FE34D52F021C}.Debug|Any CPU.Build.0 = Debug|Any CPU
		{4116ED1D-A237-4ACB-8C4F-FE34D52F021C}.Release|Any CPU.ActiveCfg = Release|Any CPU
		{4116ED1D-A237-4ACB-8C4F-FE34D52F021C}.Release|Any CPU.Build.0 = Release|Any CPU
		{F25E8A01-980D-4521-AB8D-8C5FBA555F02}.Debug|Any CPU.ActiveCfg = Debug|Any CPU
		{F25E8A01-980D-4521-AB8D-8C5FBA555F02}.Debug|Any CPU.Build.0 = Debug|Any CPU
		{F25E8A01-980D-4521-AB8D-8C5FBA555F02}.Release|Any CPU.ActiveCfg = Release|Any CPU
		{F25E8A01-980D-4521-AB8D-8C5FBA555F02}.Release|Any CPU.Build.0 = Release|Any CPU
		{14609A2E-E1A1-4606-BB6C-C1CB097D21B0}.Debug|Any CPU.ActiveCfg = Debug|Any CPU
		{14609A2E-E1A1-4606-BB6C-C1CB097D21B0}.Debug|Any CPU.Build.0 = Debug|Any CPU
		{14609A2E-E1A1-4606-BB6C-C1CB097D21B0}.Release|Any CPU.ActiveCfg = Release|Any CPU
		{14609A2E-E1A1-4606-BB6C-C1CB097D21B0}.Release|Any CPU.Build.0 = Release|Any CPU
	EndGlobalSection
	GlobalSection(SolutionProperties) = preSolution
		HideSolutionNode = FALSE
	EndGlobalSection
EndGlobal
